
Microsoft Visual Studio Solution File, Format Version 12.00
# Visual Studio Version 16
VisualStudioVersion = 16.0.30011.22
MinimumVisualStudioVersion = 10.0.40219.1
Project("{2150E333-8FDC-42A3-9474-1A3956D46DE8}") = "solution-items", "solution-items", "{E50E2715-3FFA-4C3A-A768-9732D5E8A90D}"
EndProject
Project("{2150E333-8FDC-42A3-9474-1A3956D46DE8}") = "src", "src", "{52ADA677-BE79-480B-9F91-C7722AE86067}"
EndProject
Project("{FAE04EC0-301F-11D3-BF4B-00C04F79EFBC}") = "Abp", "src\Abp\Abp.csproj", "{ACA6D9B3-0E2A-4928-A671-C788F3112378}"
EndProject
Global
	GlobalSection(SolutionConfigurationPlatforms) = preSolution
		Debug|Any CPU = Debug|Any CPU
		Release|Any CPU = Release|Any CPU
	EndGlobalSection
	GlobalSection(ProjectConfigurationPlatforms) = postSolution
		{ACA6D9B3-0E2A-4928-A671-C788F3112378}.Debug|Any CPU.ActiveCfg = Debug|Any CPU
		{ACA6D9B3-0E2A-4928-A671-C788F3112378}.Debug|Any CPU.Build.0 = Debug|Any CPU
		{ACA6D9B3-0E2A-4928-A671-C788F3112378}.Release|Any CPU.ActiveCfg = Release|Any CPU
		{ACA6D9B3-0E2A-4928-A671-C788F3112378}.Release|Any CPU.Build.0 = Release|Any CPU
	EndGlobalSection
	GlobalSection(SolutionProperties) = preSolution
		HideSolutionNode = FALSE
	EndGlobalSection
	GlobalSection(NestedProjects) = preSolution
		{ACA6D9B3-0E2A-4928-A671-C788F3112378} = {52ADA677-BE79-480B-9F91-C7722AE86067}
	EndGlobalSection
	GlobalSection(ExtensibilityGlobals) = postSolution
		SolutionGuid = {8FFFC3BF-71BD-4311-964B-4F03B8CFF9C8}
	EndGlobalSection
EndGlobal
