
Microsoft Visual Studio Solution File, Format Version 12.00
# Visual Studio Version 16
VisualStudioVersion = 16.0.30011.22
MinimumVisualStudioVersion = 10.0.40219.1
Project("{2150E333-8FDC-42A3-9474-1A3956D46DE8}") = "solution-items", "solution-items", "{E50E2715-3FFA-4C3A-A768-9732D5E8A90D}"
	ProjectSection(SolutionItems) = preProject
		.gitignore = .gitignore
		common.props = common.props
		README.md = README.md
	EndProjectSection
EndProject
Project("{2150E333-8FDC-42A3-9474-1A3956D46DE8}") = "src", "src", "{52ADA677-BE79-480B-9F91-C7722AE86067}"
EndProject
Project("{9A19103F-16F7-4668-BE54-9A1E7A4F7556}") = "Abp", "src\Abp\Abp.csproj", "{ACA6D9B3-0E2A-4928-A671-C788F3112378}"
EndProject
Project("{2150E333-8FDC-42A3-9474-1A3956D46DE8}") = "web", "web", "{3189576F-1612-439E-8132-FCF19D7744BE}"
EndProject
Project("{9A19103F-16F7-4668-BE54-9A1E7A4F7556}") = "OffShoreAspNetBoilerplate.Web", "web\OffShoreAspNetBoilerplate.Web\OffShoreAspNetBoilerplate.Web.csproj", "{789B618D-59F5-4306-9699-C23B7E844292}"
EndProject
Project("{9A19103F-16F7-4668-BE54-9A1E7A4F7556}") = "OffShoreAspNetBoilerplate.Web.Core", "web\OffShoreAspNetBoilerplate.Web.Core\OffShoreAspNetBoilerplate.Web.Core.csproj", "{359E38D2-3B7F-4FCB-A5B3-27217D0B013F}"
EndProject
Project("{9A19103F-16F7-4668-BE54-9A1E7A4F7556}") = "OffShoreAspNetBoilerplate.Core", "web\OffShoreAspNetBoilerplate.Core\OffShoreAspNetBoilerplate.Core.csproj", "{6B9F4F6F-C2CD-496D-9B11-EE68BEE3189A}"
EndProject
Project("{9A19103F-16F7-4668-BE54-9A1E7A4F7556}") = "Abp.EntityFrameworkCore", "src\Abp.EntityFrameworkCore\Abp.EntityFrameworkCore.csproj", "{E62947B8-A1FB-4CBA-A087-3A5F883F88AD}"
EndProject
Project("{9A19103F-16F7-4668-BE54-9A1E7A4F7556}") = "Abp.ZeroCore.EntityFrameworkCore", "src\Abp.ZeroCore.EntityFrameworkCore\Abp.ZeroCore.EntityFrameworkCore.csproj", "{7522628F-6D5C-46CB-A1E0-70A9CB1E7DDC}"
EndProject
Project("{9A19103F-16F7-4668-BE54-9A1E7A4F7556}") = "Abp.Zero.Common", "src\Abp.Zero.Common\Abp.Zero.Common.csproj", "{37E344A9-077F-4C12-A8B3-A59C347DB8CB}"
EndProject
Project("{9A19103F-16F7-4668-BE54-9A1E7A4F7556}") = "Abp.ZeroCore", "src\Abp.ZeroCore\Abp.ZeroCore.csproj", "{3AAA9299-96E9-4620-9492-1CF4CB497451}"
EndProject
Project("{9A19103F-16F7-4668-BE54-9A1E7A4F7556}") = "Abp.AspNetCore", "src\Abp.AspNetCore\Abp.AspNetCore.csproj", "{30B993F4-C55F-45E0-8C14-7E0F623F86B8}"
EndProject
Project("{9A19103F-16F7-4668-BE54-9A1E7A4F7556}") = "OffShoreAspNetBoilerplate.Web.Host", "web\OffShoreAspNetBoilerplate.Web.Host\OffShoreAspNetBoilerplate.Web.Host.csproj", "{51851C66-82B2-4D18-BBCF-BD5418AF5B46}"
EndProject
Project("{9A19103F-16F7-4668-BE54-9A1E7A4F7556}") = "OffShoreAspNetBoilerplate.Application", "web\OffShoreAspNetBoilerplate.Application\OffShoreAspNetBoilerplate.Application.csproj", "{5A53DD53-1F58-48F2-95F9-46A9A60BFA2E}"
EndProject
Project("{9A19103F-16F7-4668-BE54-9A1E7A4F7556}") = "Abp.Web", "src\Abp.Web\Abp.Web.csproj", "{3F9F4F84-36DA-4EF5-A95F-F515ECBB1A04}"
EndProject
Project("{9A19103F-16F7-4668-BE54-9A1E7A4F7556}") = "Abp.Web.Common", "src\Abp.Web.Common\Abp.Web.Common.csproj", "{55641A52-79ED-4424-BEBB-6242A9DF907F}"
EndProject
Project("{FAE04EC0-301F-11D3-BF4B-00C04F79EFBC}") = "Abp.Zero", "src\Abp.Zero\Abp.Zero.csproj", "{CAD5D548-3164-44AE-9A4B-A019FC1AF5DC}"
EndProject
Project("{FAE04EC0-301F-11D3-BF4B-00C04F79EFBC}") = "Abp.Web.Api", "src\Abp.Web.Api\Abp.Web.Api.csproj", "{C2597538-526A-440D-86AA-EF0C9C523C61}"
EndProject
Global
	GlobalSection(SolutionConfigurationPlatforms) = preSolution
		Debug|Any CPU = Debug|Any CPU
		Release|Any CPU = Release|Any CPU
	EndGlobalSection
	GlobalSection(ProjectConfigurationPlatforms) = postSolution
		{ACA6D9B3-0E2A-4928-A671-C788F3112378}.Debug|Any CPU.ActiveCfg = Debug|Any CPU
		{ACA6D9B3-0E2A-4928-A671-C788F3112378}.Debug|Any CPU.Build.0 = Debug|Any CPU
		{ACA6D9B3-0E2A-4928-A671-C788F3112378}.Release|Any CPU.ActiveCfg = Release|Any CPU
		{ACA6D9B3-0E2A-4928-A671-C788F3112378}.Release|Any CPU.Build.0 = Release|Any CPU
		{789B618D-59F5-4306-9699-C23B7E844292}.Debug|Any CPU.ActiveCfg = Debug|Any CPU
		{789B618D-59F5-4306-9699-C23B7E844292}.Debug|Any CPU.Build.0 = Debug|Any CPU
		{789B618D-59F5-4306-9699-C23B7E844292}.Release|Any CPU.ActiveCfg = Release|Any CPU
		{789B618D-59F5-4306-9699-C23B7E844292}.Release|Any CPU.Build.0 = Release|Any CPU
		{359E38D2-3B7F-4FCB-A5B3-27217D0B013F}.Debug|Any CPU.ActiveCfg = Debug|Any CPU
		{359E38D2-3B7F-4FCB-A5B3-27217D0B013F}.Debug|Any CPU.Build.0 = Debug|Any CPU
		{359E38D2-3B7F-4FCB-A5B3-27217D0B013F}.Release|Any CPU.ActiveCfg = Release|Any CPU
		{359E38D2-3B7F-4FCB-A5B3-27217D0B013F}.Release|Any CPU.Build.0 = Release|Any CPU
		{6B9F4F6F-C2CD-496D-9B11-EE68BEE3189A}.Debug|Any CPU.ActiveCfg = Debug|Any CPU
		{6B9F4F6F-C2CD-496D-9B11-EE68BEE3189A}.Debug|Any CPU.Build.0 = Debug|Any CPU
		{6B9F4F6F-C2CD-496D-9B11-EE68BEE3189A}.Release|Any CPU.ActiveCfg = Release|Any CPU
		{6B9F4F6F-C2CD-496D-9B11-EE68BEE3189A}.Release|Any CPU.Build.0 = Release|Any CPU
		{E62947B8-A1FB-4CBA-A087-3A5F883F88AD}.Debug|Any CPU.ActiveCfg = Debug|Any CPU
		{E62947B8-A1FB-4CBA-A087-3A5F883F88AD}.Debug|Any CPU.Build.0 = Debug|Any CPU
		{E62947B8-A1FB-4CBA-A087-3A5F883F88AD}.Release|Any CPU.ActiveCfg = Release|Any CPU
		{E62947B8-A1FB-4CBA-A087-3A5F883F88AD}.Release|Any CPU.Build.0 = Release|Any CPU
		{7522628F-6D5C-46CB-A1E0-70A9CB1E7DDC}.Debug|Any CPU.ActiveCfg = Debug|Any CPU
		{7522628F-6D5C-46CB-A1E0-70A9CB1E7DDC}.Debug|Any CPU.Build.0 = Debug|Any CPU
		{7522628F-6D5C-46CB-A1E0-70A9CB1E7DDC}.Release|Any CPU.ActiveCfg = Release|Any CPU
		{7522628F-6D5C-46CB-A1E0-70A9CB1E7DDC}.Release|Any CPU.Build.0 = Release|Any CPU
		{37E344A9-077F-4C12-A8B3-A59C347DB8CB}.Debug|Any CPU.ActiveCfg = Debug|Any CPU
		{37E344A9-077F-4C12-A8B3-A59C347DB8CB}.Debug|Any CPU.Build.0 = Debug|Any CPU
		{37E344A9-077F-4C12-A8B3-A59C347DB8CB}.Release|Any CPU.ActiveCfg = Release|Any CPU
		{37E344A9-077F-4C12-A8B3-A59C347DB8CB}.Release|Any CPU.Build.0 = Release|Any CPU
		{3AAA9299-96E9-4620-9492-1CF4CB497451}.Debug|Any CPU.ActiveCfg = Debug|Any CPU
		{3AAA9299-96E9-4620-9492-1CF4CB497451}.Debug|Any CPU.Build.0 = Debug|Any CPU
		{3AAA9299-96E9-4620-9492-1CF4CB497451}.Release|Any CPU.ActiveCfg = Release|Any CPU
		{3AAA9299-96E9-4620-9492-1CF4CB497451}.Release|Any CPU.Build.0 = Release|Any CPU
		{30B993F4-C55F-45E0-8C14-7E0F623F86B8}.Debug|Any CPU.ActiveCfg = Debug|Any CPU
		{30B993F4-C55F-45E0-8C14-7E0F623F86B8}.Debug|Any CPU.Build.0 = Debug|Any CPU
		{30B993F4-C55F-45E0-8C14-7E0F623F86B8}.Release|Any CPU.ActiveCfg = Release|Any CPU
		{30B993F4-C55F-45E0-8C14-7E0F623F86B8}.Release|Any CPU.Build.0 = Release|Any CPU
		{51851C66-82B2-4D18-BBCF-BD5418AF5B46}.Debug|Any CPU.ActiveCfg = Debug|Any CPU
		{51851C66-82B2-4D18-BBCF-BD5418AF5B46}.Debug|Any CPU.Build.0 = Debug|Any CPU
		{51851C66-82B2-4D18-BBCF-BD5418AF5B46}.Release|Any CPU.ActiveCfg = Release|Any CPU
		{51851C66-82B2-4D18-BBCF-BD5418AF5B46}.Release|Any CPU.Build.0 = Release|Any CPU
		{5A53DD53-1F58-48F2-95F9-46A9A60BFA2E}.Debug|Any CPU.ActiveCfg = Debug|Any CPU
		{5A53DD53-1F58-48F2-95F9-46A9A60BFA2E}.Debug|Any CPU.Build.0 = Debug|Any CPU
		{5A53DD53-1F58-48F2-95F9-46A9A60BFA2E}.Release|Any CPU.ActiveCfg = Release|Any CPU
		{5A53DD53-1F58-48F2-95F9-46A9A60BFA2E}.Release|Any CPU.Build.0 = Release|Any CPU
		{3F9F4F84-36DA-4EF5-A95F-F515ECBB1A04}.Debug|Any CPU.ActiveCfg = Debug|Any CPU
		{3F9F4F84-36DA-4EF5-A95F-F515ECBB1A04}.Debug|Any CPU.Build.0 = Debug|Any CPU
		{3F9F4F84-36DA-4EF5-A95F-F515ECBB1A04}.Release|Any CPU.ActiveCfg = Release|Any CPU
		{3F9F4F84-36DA-4EF5-A95F-F515ECBB1A04}.Release|Any CPU.Build.0 = Release|Any CPU
		{55641A52-79ED-4424-BEBB-6242A9DF907F}.Debug|Any CPU.ActiveCfg = Debug|Any CPU
		{55641A52-79ED-4424-BEBB-6242A9DF907F}.Debug|Any CPU.Build.0 = Debug|Any CPU
		{55641A52-79ED-4424-BEBB-6242A9DF907F}.Release|Any CPU.ActiveCfg = Release|Any CPU
		{55641A52-79ED-4424-BEBB-6242A9DF907F}.Release|Any CPU.Build.0 = Release|Any CPU
		{CAD5D548-3164-44AE-9A4B-A019FC1AF5DC}.Debug|Any CPU.ActiveCfg = Debug|Any CPU
		{CAD5D548-3164-44AE-9A4B-A019FC1AF5DC}.Debug|Any CPU.Build.0 = Debug|Any CPU
		{CAD5D548-3164-44AE-9A4B-A019FC1AF5DC}.Release|Any CPU.ActiveCfg = Release|Any CPU
		{CAD5D548-3164-44AE-9A4B-A019FC1AF5DC}.Release|Any CPU.Build.0 = Release|Any CPU
		{C2597538-526A-440D-86AA-EF0C9C523C61}.Debug|Any CPU.ActiveCfg = Debug|Any CPU
		{C2597538-526A-440D-86AA-EF0C9C523C61}.Debug|Any CPU.Build.0 = Debug|Any CPU
		{C2597538-526A-440D-86AA-EF0C9C523C61}.Release|Any CPU.ActiveCfg = Release|Any CPU
		{C2597538-526A-440D-86AA-EF0C9C523C61}.Release|Any CPU.Build.0 = Release|Any CPU
	EndGlobalSection
	GlobalSection(SolutionProperties) = preSolution
		HideSolutionNode = FALSE
	EndGlobalSection
	GlobalSection(NestedProjects) = preSolution
		{ACA6D9B3-0E2A-4928-A671-C788F3112378} = {52ADA677-BE79-480B-9F91-C7722AE86067}
		{789B618D-59F5-4306-9699-C23B7E844292} = {3189576F-1612-439E-8132-FCF19D7744BE}
		{359E38D2-3B7F-4FCB-A5B3-27217D0B013F} = {3189576F-1612-439E-8132-FCF19D7744BE}
		{6B9F4F6F-C2CD-496D-9B11-EE68BEE3189A} = {3189576F-1612-439E-8132-FCF19D7744BE}
		{E62947B8-A1FB-4CBA-A087-3A5F883F88AD} = {52ADA677-BE79-480B-9F91-C7722AE86067}
		{7522628F-6D5C-46CB-A1E0-70A9CB1E7DDC} = {52ADA677-BE79-480B-9F91-C7722AE86067}
		{37E344A9-077F-4C12-A8B3-A59C347DB8CB} = {52ADA677-BE79-480B-9F91-C7722AE86067}
		{3AAA9299-96E9-4620-9492-1CF4CB497451} = {52ADA677-BE79-480B-9F91-C7722AE86067}
		{30B993F4-C55F-45E0-8C14-7E0F623F86B8} = {52ADA677-BE79-480B-9F91-C7722AE86067}
		{51851C66-82B2-4D18-BBCF-BD5418AF5B46} = {3189576F-1612-439E-8132-FCF19D7744BE}
		{5A53DD53-1F58-48F2-95F9-46A9A60BFA2E} = {3189576F-1612-439E-8132-FCF19D7744BE}
		{3F9F4F84-36DA-4EF5-A95F-F515ECBB1A04} = {52ADA677-BE79-480B-9F91-C7722AE86067}
		{55641A52-79ED-4424-BEBB-6242A9DF907F} = {52ADA677-BE79-480B-9F91-C7722AE86067}
		{CAD5D548-3164-44AE-9A4B-A019FC1AF5DC} = {52ADA677-BE79-480B-9F91-C7722AE86067}
		{C2597538-526A-440D-86AA-EF0C9C523C61} = {52ADA677-BE79-480B-9F91-C7722AE86067}
	EndGlobalSection
	GlobalSection(ExtensibilityGlobals) = postSolution
		SolutionGuid = {8FFFC3BF-71BD-4311-964B-4F03B8CFF9C8}
	EndGlobalSection
EndGlobal
